
Microsoft Visual Studio Solution File, Format Version 12.00
# Visual Studio Version 16
VisualStudioVersion = 16.0.30021.99
MinimumVisualStudioVersion = 10.0.40219.1
Project("{FAE04EC0-301F-11D3-BF4B-00C04F79EFBC}") = "Lab2Bryan", "Lab2Bryan\Lab2Bryan.csproj", "{FB44C3B3-A82E-420F-B780-166A53A9B732}"
EndProject
Global
	GlobalSection(SolutionConfigurationPlatforms) = preSolution
		Debug|Any CPU = Debug|Any CPU
		Release|Any CPU = Release|Any CPU
	EndGlobalSection
	GlobalSection(ProjectConfigurationPlatforms) = postSolution
		{FB44C3B3-A82E-420F-B780-166A53A9B732}.Debug|Any CPU.ActiveCfg = Debug|Any CPU
		{FB44C3B3-A82E-420F-B780-166A53A9B732}.Debug|Any CPU.Build.0 = Debug|Any CPU
		{FB44C3B3-A82E-420F-B780-166A53A9B732}.Release|Any CPU.ActiveCfg = Release|Any CPU
		{FB44C3B3-A82E-420F-B780-166A53A9B732}.Release|Any CPU.Build.0 = Release|Any CPU
	EndGlobalSection
	GlobalSection(SolutionProperties) = preSolution
		HideSolutionNode = FALSE
	EndGlobalSection
	GlobalSection(ExtensibilityGlobals) = postSolution
		SolutionGuid = {3A26992C-9048-403F-B460-A4CFC9D7F4FC}
	EndGlobalSection
EndGlobal
